Microsoft Visual Studio Solution File, Format Version 12.00
# Visual Studio Version 17
VisualStudioVersion = 17.8.34330.188
MinimumVisualStudioVersion = 10.0.40219.1
Project("{9A19103F-16F7-4668-BE54-9A1E7A4F7556}") = "TokenVector.Vision", "src\TokenVector.Vision\TokenVector.Vision.csproj", "{7C88A9B2-3D1E-4E2F-A0C3-112233445566}"
EndProject
Project("{9A19103F-16F7-4668-BE54-9A1E7A4F7556}") = "TokenVector.Vision.Tests", "tests\TokenVector.Vision.Tests\TokenVector.Vision.Tests.csproj", "{8D99B0C3-4E2F-5F3A-B1D4-223344556677}"
EndProject
Project("{9A19103F-16F7-4668-BE54-9A1E7A4F7556}") = "TokenVector.Vision.Benchmarks", "benchmarks\TokenVector.Vision.Benchmarks\TokenVector.Vision.Benchmarks.csproj", "{9E00C1D4-5F3A-6A4B-C2E5-334455667788}"
EndProject
Global
	GlobalSection(SolutionConfigurationPlatforms) = preSolution
		Debug|Any CPU = Debug|Any CPU
		Release|Any CPU = Release|Any CPU
	EndGlobalSection
	GlobalSection(ProjectConfigurationPlatforms) = postSolution
		{7C88A9B2-3D1E-4E2F-A0C3-112233445566}.Debug|Any CPU.ActiveCfg = Debug|Any CPU
		{7C88A9B2-3D1E-4E2F-A0C3-112233445566}.Debug|Any CPU.Build.0 = Debug|Any CPU
		{7C88A9B2-3D1E-4E2F-A0C3-112233445566}.Release|Any CPU.ActiveCfg = Release|Any CPU
		{7C88A9B2-3D1E-4E2F-A0C3-112233445566}.Release|Any CPU.Build.0 = Release|Any CPU
		{8D99B0C3-4E2F-5F3A-B1D4-223344556677}.Debug|Any CPU.ActiveCfg = Debug|Any CPU
		{8D99B0C3-4E2F-5F3A-B1D4-223344556677}.Debug|Any CPU.Build.0 = Debug|Any CPU
		{8D99B0C3-4E2F-5F3A-B1D4-223344556677}.Release|Any CPU.ActiveCfg = Release|Any CPU
		{8D99B0C3-4E2F-5F3A-B1D4-223344556677}.Release|Any CPU.Build.0 = Release|Any CPU
		{9E00C1D4-5F3A-6A4B-C2E5-334455667788}.Debug|Any CPU.ActiveCfg = Debug|Any CPU
		{9E00C1D4-5F3A-6A4B-C2E5-334455667788}.Debug|Any CPU.Build.0 = Debug|Any CPU
		{9E00C1D4-5F3A-6A4B-C2E5-334455667788}.Release|Any CPU.ActiveCfg = Release|Any CPU
		{9E00C1D4-5F3A-6A4B-C2E5-334455667788}.Release|Any CPU.Build.0 = Release|Any CPU
	EndGlobalSection
	GlobalSection(SolutionProperties) = preSolution
		HideSolutionNode = FALSE
	EndGlobalSection
EndGlobal
